{
  "name": "jst_myplace",
  "version": "1.0.0",
  "lockfileVersion": 3,
  "requires": true,
  "packages": {
    "": {
      "name": "jst_myplace",
      "version": "1.0.0",
      "license": "ISC",
      "dependencies": {
        "@djot/djot": "^0.3.1"
      }
    },
    "node_modules/@djot/djot": {
      "version": "0.3.1",
      "resolved": "https://registry.npmjs.org/@djot/djot/-/djot-0.3.1.tgz",
      "integrity": "sha512-jFYDPI8xLo7lz4V28ZaGRW+0E6lhRPijxNEb6Dj00Vo8twCd4Yb0A7Fug8clYTe1Le2ghl/uUcKGGTsN/avmHA==",
      "license": "MIT",
      "bin": {
        "djot": "lib/cli.js"
      },
      "engines": {
        "node": ">=17.0.0"
      }
    }
  }
}
