{
  "name": "jst_myplace",
  "version": "1.0.0",
  "lockfileVersion": 3,
  "requires": true,
  "packages": {
    "": {
      "name": "jst_myplace",
      "version": "1.0.0",
      "license": "ISC",
      "devDependencies": {
        "@gleam-lang/highlight.js-gleam": "^1.5.0",
        "frontmatter": "^0.0.3",
        "highlight.js": "^11.10.0",
        "marked": "^14.1.2",
        "marked-highlight": "^2.1.4"
      }
    },
    "node_modules/@gleam-lang/highlight.js-gleam": {
      "version": "1.5.0",
      "resolved": "https://registry.npmjs.org/@gleam-lang/highlight.js-gleam/-/highlight.js-gleam-1.5.0.tgz",
      "integrity": "sha512-rKKpXnfmHVTPuHEogMVvN4DflzKtX6kBXqu1GsVDb0uDf/bvO8Z2VnC0XWUMuKNlxa+poKIjY6geyxTaVZiMFA==",
      "dev": true,
      "license": "Apache-2.0"
    },
    "node_modules/argparse": {
      "version": "1.0.10",
      "resolved": "https://registry.npmjs.org/argparse/-/argparse-1.0.10.tgz",
      "integrity": "sha512-o5Roy6tNG4SL/FOkCAN6RzjiakZS25RLYFrcMttJqbdd8BWrnA+fGz57iN5Pb06pvBGvl5gQ0B48dJlslXvoTg==",
      "dev": true,
      "license": "MIT",
      "dependencies": {
        "sprintf-js": "~1.0.2"
      }
    },
    "node_modules/esprima": {
      "version": "4.0.1",
      "resolved": "https://registry.npmjs.org/esprima/-/esprima-4.0.1.tgz",
      "integrity": "sha512-eGuFFw7Upda+g4p+QHvnW0RyTX/SVeJBDM/gCtMARO0cLuT2HcEKnTPvhjV6aGeqrCB/sbNop0Kszm0jsaWU4A==",
      "dev": true,
      "license": "BSD-2-Clause",
      "bin": {
        "esparse": "bin/esparse.js",
        "esvalidate": "bin/esvalidate.js"
      },
      "engines": {
        "node": ">=4"
      }
    },
    "node_modules/frontmatter": {
      "version": "0.0.3",
      "resolved": "https://registry.npmjs.org/frontmatter/-/frontmatter-0.0.3.tgz",
      "integrity": "sha512-mp/uBpxwnfYSl3cjtESYHuOvNWfYEwUjhFjXYbX9zA5b/dAX7qvON3sQQmvnOMUpi21GVG7RQ/ODX0Te28QiOw==",
      "dev": true,
      "license": "MIT",
      "dependencies": {
        "js-yaml": "^3.4.6"
      }
    },
    "node_modules/highlight.js": {
      "version": "11.10.0",
      "resolved": "https://registry.npmjs.org/highlight.js/-/highlight.js-11.10.0.tgz",
      "integrity": "sha512-SYVnVFswQER+zu1laSya563s+F8VDGt7o35d4utbamowvUNLLMovFqwCLSocpZTz3MgaSRA1IbqRWZv97dtErQ==",
      "dev": true,
      "license": "BSD-3-Clause",
      "engines": {
        "node": ">=12.0.0"
      }
    },
    "node_modules/js-yaml": {
      "version": "3.14.1",
      "resolved": "https://registry.npmjs.org/js-yaml/-/js-yaml-3.14.1.tgz",
      "integrity": "sha512-okMH7OXXJ7YrN9Ok3/SXrnu4iX9yOk+25nqX4imS2npuvTYDmo/QEZoqwZkYaIDk3jVvBOTOIEgEhaLOynBS9g==",
      "dev": true,
      "license": "MIT",
      "dependencies": {
        "argparse": "^1.0.7",
        "esprima": "^4.0.0"
      },
      "bin": {
        "js-yaml": "bin/js-yaml.js"
      }
    },
    "node_modules/marked": {
      "version": "14.1.2",
      "resolved": "https://registry.npmjs.org/marked/-/marked-14.1.2.tgz",
      "integrity": "sha512-f3r0yqpz31VXiDB/wj9GaOB0a2PRLQl6vJmXiFrniNwjkKdvakqJRULhjFKJpxOchlCRiG5fcacoUZY5Xa6PEQ==",
      "dev": true,
      "license": "MIT",
      "bin": {
        "marked": "bin/marked.js"
      },
      "engines": {
        "node": ">= 18"
      }
    },
    "node_modules/marked-highlight": {
      "version": "2.1.4",
      "resolved": "https://registry.npmjs.org/marked-highlight/-/marked-highlight-2.1.4.tgz",
      "integrity": "sha512-D1GOkcdzP+1dzjoColL7umojefFrASDuLeyaHS0Zr/Uo9jkr1V6vpLRCzfi1djmEaWyK0SYMFtHnpkZ+cwFT1w==",
      "dev": true,
      "license": "MIT",
      "peerDependencies": {
        "marked": ">=4 <15"
      }
    },
    "node_modules/sprintf-js": {
      "version": "1.0.3",
      "resolved": "https://registry.npmjs.org/sprintf-js/-/sprintf-js-1.0.3.tgz",
      "integrity": "sha512-D9cPgkvLlV3t3IzL0D0YLvGA9Ahk4PcvVwUbN0dSGr1aP0Nrt4AEnTUbuGvquEC0mA64Gqt1fzirlRs5ibXx8g==",
      "dev": true,
      "license": "BSD-3-Clause"
    }
  }
}
